
Microsoft Visual Studio Solution File, Format Version 12.00
# Visual Studio Version 16
VisualStudioVersion = 16.0.29319.158
MinimumVisualStudioVersion = 10.0.40219.1
Project("{FAE04EC0-301F-11D3-BF4B-00C04F79EFBC}") = "Quiz.DAL", "Quiz.DAL\Quiz.DAL.csproj", "{5C1E21F7-94E4-4EE1-B317-BD9A3E2BEC41}"
EndProject
Project("{FAE04EC0-301F-11D3-BF4B-00C04F79EFBC}") = "Quiz.BL", "Quiz.BL\Quiz.BL.csproj", "{7D2420D2-0A77-4673-912E-C6C87F994F81}"
EndProject
Project("{FAE04EC0-301F-11D3-BF4B-00C04F79EFBC}") = "Quiz.BIN", "Quiz.BIN\Quiz.BIN.csproj", "{A7762EBB-476B-457F-9B87-BE46255AD21C}"
EndProject
Global
	GlobalSection(SolutionConfigurationPlatforms) = preSolution
		Debug|Any CPU = Debug|Any CPU
		Release|Any CPU = Release|Any CPU
	EndGlobalSection
	GlobalSection(ProjectConfigurationPlatforms) = postSolution
		{5C1E21F7-94E4-4EE1-B317-BD9A3E2BEC41}.Debug|Any CPU.ActiveCfg = Debug|Any CPU
		{5C1E21F7-94E4-4EE1-B317-BD9A3E2BEC41}.Debug|Any CPU.Build.0 = Debug|Any CPU
		{5C1E21F7-94E4-4EE1-B317-BD9A3E2BEC41}.Release|Any CPU.ActiveCfg = Release|Any CPU
		{5C1E21F7-94E4-4EE1-B317-BD9A3E2BEC41}.Release|Any CPU.Build.0 = Release|Any CPU
		{7D2420D2-0A77-4673-912E-C6C87F994F81}.Debug|Any CPU.ActiveCfg = Debug|Any CPU
		{7D2420D2-0A77-4673-912E-C6C87F994F81}.Debug|Any CPU.Build.0 = Debug|Any CPU
		{7D2420D2-0A77-4673-912E-C6C87F994F81}.Release|Any CPU.ActiveCfg = Release|Any CPU
		{7D2420D2-0A77-4673-912E-C6C87F994F81}.Release|Any CPU.Build.0 = Release|Any CPU
		{A7762EBB-476B-457F-9B87-BE46255AD21C}.Debug|Any CPU.ActiveCfg = Debug|Any CPU
		{A7762EBB-476B-457F-9B87-BE46255AD21C}.Debug|Any CPU.Build.0 = Debug|Any CPU
		{A7762EBB-476B-457F-9B87-BE46255AD21C}.Release|Any CPU.ActiveCfg = Release|Any CPU
		{A7762EBB-476B-457F-9B87-BE46255AD21C}.Release|Any CPU.Build.0 = Release|Any CPU
	EndGlobalSection
	GlobalSection(SolutionProperties) = preSolution
		HideSolutionNode = FALSE
	EndGlobalSection
	GlobalSection(ExtensibilityGlobals) = postSolution
		SolutionGuid = {694881A0-2B67-4B00-96A1-429512527BCF}
	EndGlobalSection
EndGlobal
